
Microsoft Visual Studio Solution File, Format Version 12.00
# Visual Studio Version 17
VisualStudioVersion = 17.0.32014.148
MinimumVisualStudioVersion = 10.0.40219.1
Project("{FAE04EC0-301F-11D3-BF4B-00C04F79EFBC}") = "FRM", "FRM\FRM.csproj", "{60DFA3D9-AF47-4D06-BAAB-3EFA16F072BC}"
EndProject
Global
	GlobalSection(SolutionConfigurationPlatforms) = preSolution
		Debug|Any CPU = Debug|Any CPU
		Release|Any CPU = Release|Any CPU
	EndGlobalSection
	GlobalSection(ProjectConfigurationPlatforms) = postSolution
		{60DFA3D9-AF47-4D06-BAAB-3EFA16F072BC}.Debug|Any CPU.ActiveCfg = Debug|Any CPU
		{60DFA3D9-AF47-4D06-BAAB-3EFA16F072BC}.Debug|Any CPU.Build.0 = Debug|Any CPU
		{60DFA3D9-AF47-4D06-BAAB-3EFA16F072BC}.Release|Any CPU.ActiveCfg = Release|Any CPU
		{60DFA3D9-AF47-4D06-BAAB-3EFA16F072BC}.Release|Any CPU.Build.0 = Release|Any CPU
	EndGlobalSection
	GlobalSection(SolutionProperties) = preSolution
		HideSolutionNode = FALSE
	EndGlobalSection
	GlobalSection(ExtensibilityGlobals) = postSolution
		SolutionGuid = {7F4D5E9D-C51C-44B9-8A92-B346EAEFCF4B}
	EndGlobalSection
EndGlobal
